# This file is generated by running "yarn install" inside your project.
# Manual changes might be lost - proceed with caution!

__metadata:
  version: 6
  cacheKey: 8

"@epic-web/invariant@npm:^1.0.0":
  version: 1.0.0
  resolution: "@epic-web/invariant@npm:1.0.0"
  checksum: 58e2029bd3362751f5afac2b3bdb6b4f6e38f888af7ee93a0d76e18c879586b130bf3b14588364fcf04a1423b5b917eacad5717d61224daac64350c7ae5fc95e
  languageName: node
  linkType: hard

"cross-env@npm:^10.1.0":
  version: 10.1.0
  resolution: "cross-env@npm:10.1.0"
  dependencies:
    "@epic-web/invariant": ^1.0.0
    cross-spawn: ^7.0.6
  bin:
    cross-env: dist/bin/cross-env.js
    cross-env-shell: dist/bin/cross-env-shell.js
  checksum: bd7e013603df8dc3a5a2d259a84f43a62114486e141395668ea46e9c5d154b312ebf26486f30699ffe7ff8f275331e00e61d7a720d1593185fce685b0f1c3d9f
  languageName: node
  linkType: hard

"cross-spawn@npm:^7.0.6":
  version: 7.0.6
  resolution: "cross-spawn@npm:7.0.6"
  dependencies:
    path-key: ^3.1.0
    shebang-command: ^2.0.0
    which: ^2.0.1
  checksum: 8d306efacaf6f3f60e0224c287664093fa9185680b2d195852ba9a863f85d02dcc737094c6e512175f8ee0161f9b87c73c6826034c2422e39de7d6569cf4503b
  languageName: node
  linkType: hard

"isexe@npm:^2.0.0":
  version: 2.0.0
  resolution: "isexe@npm:2.0.0"
  checksum: 26bf6c5480dda5161c820c5b5c751ae1e766c587b1f951ea3fcfc973bafb7831ae5b54a31a69bd670220e42e99ec154475025a468eae58ea262f813fdc8d1c62
  languageName: node
  linkType: hard

"path-key@npm:^3.1.0":
  version: 3.1.1
  resolution: "path-key@npm:3.1.1"
  checksum: 55cd7a9dd4b343412a8386a743f9c746ef196e57c823d90ca3ab917f90ab9f13dd0ded27252ba49dbdfcab2b091d998bc446f6220cd3cea65db407502a740020
  languageName: node
  linkType: hard

"root-workspace-0b6124@workspace:.":
  version: 0.0.0-use.local
  resolution: "root-workspace-0b6124@workspace:."
  dependencies:
    cross-env: ^10.1.0
  languageName: unknown
  linkType: soft

"shebang-command@npm:^2.0.0":
  version: 2.0.0
  resolution: "shebang-command@npm:2.0.0"
  dependencies:
    shebang-regex: ^3.0.0
  checksum: 6b52fe87271c12968f6a054e60f6bde5f0f3d2db483a1e5c3e12d657c488a15474121a1d55cd958f6df026a54374ec38a4a963988c213b7570e1d51575cea7fa
  languageName: node
  linkType: hard

"shebang-regex@npm:^3.0.0":
  version: 3.0.0
  resolution: "shebang-regex@npm:3.0.0"
  checksum: 1a2bcae50de99034fcd92ad4212d8e01eedf52c7ec7830eedcf886622804fe36884278f2be8be0ea5fde3fd1c23911643a4e0f726c8685b61871c8908af01222
  languageName: node
  linkType: hard

"which@npm:^2.0.1":
  version: 2.0.2
  resolution: "which@npm:2.0.2"
  dependencies:
    isexe: ^2.0.0
  bin:
    node-which: ./bin/node-which
  checksum: 1a5c563d3c1b52d5f893c8b61afe11abc3bab4afac492e8da5bde69d550de701cf9806235f20a47b5c8fa8a1d6a9135841de2596535e998027a54589000e66d1
  languageName: node
  linkType: hard
